
Microsoft Visual Studio Solution File, Format Version 11.00
# Visual Studio 2010
# SharpDevelop 4.4
Project("{FAE04EC0-301F-11D3-BF4B-00C04F79EFBC}") = "WaypointDistance", "WaypointDistance\WaypointDistance.csproj", "{A99FE432-2D82-4BAF-AD20-0D5745C1539C}"
EndProject
Global
	GlobalSection(SolutionConfigurationPlatforms) = preSolution
		Debug|Any CPU = Debug|Any CPU
		Release|Any CPU = Release|Any CPU
	EndGlobalSection
	GlobalSection(ProjectConfigurationPlatforms) = postSolution
		{A99FE432-2D82-4BAF-AD20-0D5745C1539C}.Debug|Any CPU.Build.0 = Debug|Any CPU
		{A99FE432-2D82-4BAF-AD20-0D5745C1539C}.Debug|Any CPU.ActiveCfg = Debug|Any CPU
		{A99FE432-2D82-4BAF-AD20-0D5745C1539C}.Release|Any CPU.Build.0 = Release|Any CPU
		{A99FE432-2D82-4BAF-AD20-0D5745C1539C}.Release|Any CPU.ActiveCfg = Release|Any CPU
	EndGlobalSection
EndGlobal
